
Microsoft Visual Studio Solution File, Format Version 12.00
# Visual Studio 2013
VisualStudioVersion = 12.0.40629.0
MinimumVisualStudioVersion = 10.0.40219.1
Project("{FAE04EC0-301F-11D3-BF4B-00C04F79EFBC}") = "Klient", "Klient\Klient.csproj", "{A845B0C2-9229-4C69-A6D5-185792628436}"
EndProject
Project("{FAE04EC0-301F-11D3-BF4B-00C04F79EFBC}") = "ServerData", "ServerData\ServerData.csproj", "{2DE9041B-053C-46E4-9502-EB79E99082C1}"
EndProject
Project("{FAE04EC0-301F-11D3-BF4B-00C04F79EFBC}") = "Server", "Server\Server.csproj", "{0083CBFC-54F4-4DD8-87C6-5261A2024E79}"
EndProject
Global
	GlobalSection(SolutionConfigurationPlatforms) = preSolution
		Debug|Any CPU = Debug|Any CPU
		Release|Any CPU = Release|Any CPU
	EndGlobalSection
	GlobalSection(ProjectConfigurationPlatforms) = postSolution
		{A845B0C2-9229-4C69-A6D5-185792628436}.Debug|Any CPU.ActiveCfg = Debug|Any CPU
		{A845B0C2-9229-4C69-A6D5-185792628436}.Debug|Any CPU.Build.0 = Debug|Any CPU
		{A845B0C2-9229-4C69-A6D5-185792628436}.Release|Any CPU.ActiveCfg = Release|Any CPU
		{A845B0C2-9229-4C69-A6D5-185792628436}.Release|Any CPU.Build.0 = Release|Any CPU
		{2DE9041B-053C-46E4-9502-EB79E99082C1}.Debug|Any CPU.ActiveCfg = Debug|Any CPU
		{2DE9041B-053C-46E4-9502-EB79E99082C1}.Debug|Any CPU.Build.0 = Debug|Any CPU
		{2DE9041B-053C-46E4-9502-EB79E99082C1}.Release|Any CPU.ActiveCfg = Release|Any CPU
		{2DE9041B-053C-46E4-9502-EB79E99082C1}.Release|Any CPU.Build.0 = Release|Any CPU
		{0083CBFC-54F4-4DD8-87C6-5261A2024E79}.Debug|Any CPU.ActiveCfg = Debug|Any CPU
		{0083CBFC-54F4-4DD8-87C6-5261A2024E79}.Debug|Any CPU.Build.0 = Debug|Any CPU
		{0083CBFC-54F4-4DD8-87C6-5261A2024E79}.Release|Any CPU.ActiveCfg = Release|Any CPU
		{0083CBFC-54F4-4DD8-87C6-5261A2024E79}.Release|Any CPU.Build.0 = Release|Any CPU
	EndGlobalSection
	GlobalSection(SolutionProperties) = preSolution
		HideSolutionNode = FALSE
	EndGlobalSection
EndGlobal
